
Microsoft Visual Studio Solution File, Format Version 12.00
# Visual Studio 2012
Project("{2150E333-8FDC-42A3-9474-1A3956D46DE8}") = "Test", "Test", "{15797C7D-4344-44FB-9A51-A19142090169}"
EndProject
Project("{2150E333-8FDC-42A3-9474-1A3956D46DE8}") = "src", "src", "{94FF9D46-6A6A-40B4-B86C-0484224F3A33}"
EndProject
Project("{FAE04EC0-301F-11D3-BF4B-00C04F79EFBC}") = "StilesRecruitment.Infrastructure.Tests", "test\StilesRecruitment.Infrastructure.Tests\StilesRecruitment.Infrastructure.Tests.csproj", "{B678B1F0-8FD3-4BD2-9B0F-3D4FC60C8F7A}"
EndProject
Project("{FAE04EC0-301F-11D3-BF4B-00C04F79EFBC}") = "StilesRecruitment.Infrastructure", "src\StilesRecruitment.Infrastructure\StilesRecruitment.Infrastructure.csproj", "{4B350DD4-FF4E-4875-88B0-E4677AAE9111}"
EndProject
Project("{FAE04EC0-301F-11D3-BF4B-00C04F79EFBC}") = "StilesRecruitment.Services.Tests", "test\StilesRecruitment.Services.Tests\StilesRecruitment.Services.Tests.csproj", "{1D15FB3C-84E6-4D2D-9B30-4A8EB8FA8400}"
EndProject
Project("{FAE04EC0-301F-11D3-BF4B-00C04F79EFBC}") = "StilesRecruitment.Services", "src\StilesRecruitment.Services\StilesRecruitment.Services.csproj", "{D5298B22-F0D1-425B-8D5B-1E9B849275B2}"
EndProject
Project("{FAE04EC0-301F-11D3-BF4B-00C04F79EFBC}") = "StilesRecruitment.Console", "src\StilesRecruitment.Console\StilesRecruitment.Console.csproj", "{653ED6E1-E741-4BAD-8BA7-953C0D0B844F}"
EndProject
Project("{2150E333-8FDC-42A3-9474-1A3956D46DE8}") = ".nuget", ".nuget", "{DEE89F1B-A6FE-44DC-AC73-69643678BDAA}"
	ProjectSection(SolutionItems) = preProject
		.nuget\NuGet.Config = .nuget\NuGet.Config
		.nuget\NuGet.exe = .nuget\NuGet.exe
		.nuget\NuGet.targets = .nuget\NuGet.targets
	EndProjectSection
EndProject
Global
	GlobalSection(SolutionConfigurationPlatforms) = preSolution
		Debug|Any CPU = Debug|Any CPU
		Release|Any CPU = Release|Any CPU
	EndGlobalSection
	GlobalSection(ProjectConfigurationPlatforms) = postSolution
		{B678B1F0-8FD3-4BD2-9B0F-3D4FC60C8F7A}.Debug|Any CPU.ActiveCfg = Debug|Any CPU
		{B678B1F0-8FD3-4BD2-9B0F-3D4FC60C8F7A}.Debug|Any CPU.Build.0 = Debug|Any CPU
		{B678B1F0-8FD3-4BD2-9B0F-3D4FC60C8F7A}.Release|Any CPU.ActiveCfg = Release|Any CPU
		{B678B1F0-8FD3-4BD2-9B0F-3D4FC60C8F7A}.Release|Any CPU.Build.0 = Release|Any CPU
		{4B350DD4-FF4E-4875-88B0-E4677AAE9111}.Debug|Any CPU.ActiveCfg = Debug|Any CPU
		{4B350DD4-FF4E-4875-88B0-E4677AAE9111}.Debug|Any CPU.Build.0 = Debug|Any CPU
		{4B350DD4-FF4E-4875-88B0-E4677AAE9111}.Release|Any CPU.ActiveCfg = Release|Any CPU
		{4B350DD4-FF4E-4875-88B0-E4677AAE9111}.Release|Any CPU.Build.0 = Release|Any CPU
		{1D15FB3C-84E6-4D2D-9B30-4A8EB8FA8400}.Debug|Any CPU.ActiveCfg = Debug|Any CPU
		{1D15FB3C-84E6-4D2D-9B30-4A8EB8FA8400}.Debug|Any CPU.Build.0 = Debug|Any CPU
		{1D15FB3C-84E6-4D2D-9B30-4A8EB8FA8400}.Release|Any CPU.ActiveCfg = Release|Any CPU
		{1D15FB3C-84E6-4D2D-9B30-4A8EB8FA8400}.Release|Any CPU.Build.0 = Release|Any CPU
		{D5298B22-F0D1-425B-8D5B-1E9B849275B2}.Debug|Any CPU.ActiveCfg = Debug|Any CPU
		{D5298B22-F0D1-425B-8D5B-1E9B849275B2}.Debug|Any CPU.Build.0 = Debug|Any CPU
		{D5298B22-F0D1-425B-8D5B-1E9B849275B2}.Release|Any CPU.ActiveCfg = Release|Any CPU
		{D5298B22-F0D1-425B-8D5B-1E9B849275B2}.Release|Any CPU.Build.0 = Release|Any CPU
		{653ED6E1-E741-4BAD-8BA7-953C0D0B844F}.Debug|Any CPU.ActiveCfg = Debug|Any CPU
		{653ED6E1-E741-4BAD-8BA7-953C0D0B844F}.Debug|Any CPU.Build.0 = Debug|Any CPU
		{653ED6E1-E741-4BAD-8BA7-953C0D0B844F}.Release|Any CPU.ActiveCfg = Release|Any CPU
		{653ED6E1-E741-4BAD-8BA7-953C0D0B844F}.Release|Any CPU.Build.0 = Release|Any CPU
	EndGlobalSection
	GlobalSection(SolutionProperties) = preSolution
		HideSolutionNode = FALSE
	EndGlobalSection
	GlobalSection(NestedProjects) = preSolution
		{B678B1F0-8FD3-4BD2-9B0F-3D4FC60C8F7A} = {15797C7D-4344-44FB-9A51-A19142090169}
		{1D15FB3C-84E6-4D2D-9B30-4A8EB8FA8400} = {15797C7D-4344-44FB-9A51-A19142090169}
		{4B350DD4-FF4E-4875-88B0-E4677AAE9111} = {94FF9D46-6A6A-40B4-B86C-0484224F3A33}
		{D5298B22-F0D1-425B-8D5B-1E9B849275B2} = {94FF9D46-6A6A-40B4-B86C-0484224F3A33}
		{653ED6E1-E741-4BAD-8BA7-953C0D0B844F} = {94FF9D46-6A6A-40B4-B86C-0484224F3A33}
	EndGlobalSection
EndGlobal
